
Microsoft Visual Studio Solution File, Format Version 12.00
# Visual Studio Version 16
VisualStudioVersion = 16.0.31624.102
MinimumVisualStudioVersion = 10.0.40219.1
Project("{9A19103F-16F7-4668-BE54-9A1E7A4F7556}") = "MG_CodeExample1", "MG_CodeExample1\MG_CodeExample1.csproj", "{B528A588-AE21-493C-8F6E-8EDCE48A181E}"
EndProject
Project("{FAE04EC0-301F-11D3-BF4B-00C04F79EFBC}") = "DeckOfCards", "DeckOfCards\DeckOfCards.csproj", "{F551B7C7-1361-4352-9DFB-A979219B338C}"
EndProject
Project("{FAE04EC0-301F-11D3-BF4B-00C04F79EFBC}") = "StructVsClass", "StructVsClass\StructVsClass.csproj", "{D036B1CD-0317-449E-B9B9-1957F787A763}"
EndProject
Project("{FAE04EC0-301F-11D3-BF4B-00C04F79EFBC}") = "GetSet", "GetSet\GetSet.csproj", "{ABE1C0FB-19E1-4D83-A5E9-42872AA81544}"
EndProject
Global
	GlobalSection(SolutionConfigurationPlatforms) = preSolution
		Debug|Any CPU = Debug|Any CPU
		Release|Any CPU = Release|Any CPU
	EndGlobalSection
	GlobalSection(ProjectConfigurationPlatforms) = postSolution
		{B528A588-AE21-493C-8F6E-8EDCE48A181E}.Debug|Any CPU.ActiveCfg = Debug|Any CPU
		{B528A588-AE21-493C-8F6E-8EDCE48A181E}.Debug|Any CPU.Build.0 = Debug|Any CPU
		{B528A588-AE21-493C-8F6E-8EDCE48A181E}.Release|Any CPU.ActiveCfg = Release|Any CPU
		{B528A588-AE21-493C-8F6E-8EDCE48A181E}.Release|Any CPU.Build.0 = Release|Any CPU
		{F551B7C7-1361-4352-9DFB-A979219B338C}.Debug|Any CPU.ActiveCfg = Debug|Any CPU
		{F551B7C7-1361-4352-9DFB-A979219B338C}.Debug|Any CPU.Build.0 = Debug|Any CPU
		{F551B7C7-1361-4352-9DFB-A979219B338C}.Release|Any CPU.ActiveCfg = Release|Any CPU
		{F551B7C7-1361-4352-9DFB-A979219B338C}.Release|Any CPU.Build.0 = Release|Any CPU
		{D036B1CD-0317-449E-B9B9-1957F787A763}.Debug|Any CPU.ActiveCfg = Debug|Any CPU
		{D036B1CD-0317-449E-B9B9-1957F787A763}.Debug|Any CPU.Build.0 = Debug|Any CPU
		{D036B1CD-0317-449E-B9B9-1957F787A763}.Release|Any CPU.ActiveCfg = Release|Any CPU
		{D036B1CD-0317-449E-B9B9-1957F787A763}.Release|Any CPU.Build.0 = Release|Any CPU
		{ABE1C0FB-19E1-4D83-A5E9-42872AA81544}.Debug|Any CPU.ActiveCfg = Debug|Any CPU
		{ABE1C0FB-19E1-4D83-A5E9-42872AA81544}.Debug|Any CPU.Build.0 = Debug|Any CPU
		{ABE1C0FB-19E1-4D83-A5E9-42872AA81544}.Release|Any CPU.ActiveCfg = Release|Any CPU
		{ABE1C0FB-19E1-4D83-A5E9-42872AA81544}.Release|Any CPU.Build.0 = Release|Any CPU
	EndGlobalSection
	GlobalSection(SolutionProperties) = preSolution
		HideSolutionNode = FALSE
	EndGlobalSection
	GlobalSection(ExtensibilityGlobals) = postSolution
		SolutionGuid = {0F95445B-3AE4-4B6C-8463-DCA21673163D}
	EndGlobalSection
EndGlobal
