
Microsoft Visual Studio Solution File, Format Version 12.00
# Visual Studio Version 16
VisualStudioVersion = 16.0.31624.102
MinimumVisualStudioVersion = 10.0.40219.1
Project("{FAE04EC0-301F-11D3-BF4B-00C04F79EFBC}") = "MG_CodeExample1", "MG_CodeExample1\MG_CodeExample1.csproj", "{B528A588-AE21-493C-8F6E-8EDCE48A181E}"
EndProject
Global
	GlobalSection(SolutionConfigurationPlatforms) = preSolution
		Debug|Any CPU = Debug|Any CPU
		Release|Any CPU = Release|Any CPU
	EndGlobalSection
	GlobalSection(ProjectConfigurationPlatforms) = postSolution
		{B528A588-AE21-493C-8F6E-8EDCE48A181E}.Debug|Any CPU.ActiveCfg = Debug|Any CPU
		{B528A588-AE21-493C-8F6E-8EDCE48A181E}.Debug|Any CPU.Build.0 = Debug|Any CPU
		{B528A588-AE21-493C-8F6E-8EDCE48A181E}.Release|Any CPU.ActiveCfg = Release|Any CPU
		{B528A588-AE21-493C-8F6E-8EDCE48A181E}.Release|Any CPU.Build.0 = Release|Any CPU
	EndGlobalSection
	GlobalSection(SolutionProperties) = preSolution
		HideSolutionNode = FALSE
	EndGlobalSection
	GlobalSection(ExtensibilityGlobals) = postSolution
		SolutionGuid = {0F95445B-3AE4-4B6C-8463-DCA21673163D}
	EndGlobalSection
EndGlobal
